{
  "name": "pi",
  "lockfileVersion": 2,
  "requires": true,
  "packages": {
    "": {
      "dependencies": {
        "webppl-timeit": "^0.3.0"
      }
    },
    "node_modules/webppl-timeit": {
      "version": "0.3.0",
      "resolved": "https://registry.npmjs.org/webppl-timeit/-/webppl-timeit-0.3.0.tgz",
      "integrity": "sha1-xV/HPYH99rXOkuScvtFxqGLkxS0="
    }
  },
  "dependencies": {
    "webppl-timeit": {
      "version": "0.3.0",
      "resolved": "https://registry.npmjs.org/webppl-timeit/-/webppl-timeit-0.3.0.tgz",
      "integrity": "sha1-xV/HPYH99rXOkuScvtFxqGLkxS0="
    }
  }
}
